Microsoft Visual Studio Solution File, Format Version 12.00
# Visual Studio Version 17
VisualStudioVersion = 17.5.2.0
MinimumVisualStudioVersion = 10.0.40219.1
Project("{FAE04EC0-301F-11D3-BF4B-00C04F79EFBC}") = "MiniOrm.Migrations", "MiniOrm.Migrations.csproj", "{4BFCEEC1-4DAE-A55E-C29D-4195B2D39957}"
EndProject
Global
	GlobalSection(SolutionConfigurationPlatforms) = preSolution
		Debug|Any CPU = Debug|Any CPU
		Release|Any CPU = Release|Any CPU
	EndGlobalSection
	GlobalSection(ProjectConfigurationPlatforms) = postSolution
		{4BFCEEC1-4DAE-A55E-C29D-4195B2D39957}.Debug|Any CPU.ActiveCfg = Debug|Any CPU
		{4BFCEEC1-4DAE-A55E-C29D-4195B2D39957}.Debug|Any CPU.Build.0 = Debug|Any CPU
		{4BFCEEC1-4DAE-A55E-C29D-4195B2D39957}.Release|Any CPU.ActiveCfg = Release|Any CPU
		{4BFCEEC1-4DAE-A55E-C29D-4195B2D39957}.Release|Any CPU.Build.0 = Release|Any CPU
	EndGlobalSection
	GlobalSection(SolutionProperties) = preSolution
		HideSolutionNode = FALSE
	EndGlobalSection
	GlobalSection(ExtensibilityGlobals) = postSolution
		SolutionGuid = {A627CFFB-97EA-4BC7-A602-68E4B9256CE8}
	EndGlobalSection
EndGlobal
